
Microsoft Visual Studio Solution File, Format Version 12.00
# Visual Studio Version 17
VisualStudioVersion = 17.5.33516.290
MinimumVisualStudioVersion = 10.0.40219.1
Project("{FAE04EC0-301F-11D3-BF4B-00C04F79EFBC}") = "ServiceApp", "ServiceApp\ServiceApp.csproj", "{125187BA-D7D1-4686-9779-F2C976B48B90}"
EndProject
Global
	GlobalSection(SolutionConfigurationPlatforms) = preSolution
		Debug|Any CPU = Debug|Any CPU
		Release|Any CPU = Release|Any CPU
	EndGlobalSection
	GlobalSection(ProjectConfigurationPlatforms) = postSolution
		{125187BA-D7D1-4686-9779-F2C976B48B90}.Debug|Any CPU.ActiveCfg = Debug|Any CPU
		{125187BA-D7D1-4686-9779-F2C976B48B90}.Debug|Any CPU.Build.0 = Debug|Any CPU
		{125187BA-D7D1-4686-9779-F2C976B48B90}.Release|Any CPU.ActiveCfg = Release|Any CPU
		{125187BA-D7D1-4686-9779-F2C976B48B90}.Release|Any CPU.Build.0 = Release|Any CPU
	EndGlobalSection
	GlobalSection(SolutionProperties) = preSolution
		HideSolutionNode = FALSE
	EndGlobalSection
	GlobalSection(ExtensibilityGlobals) = postSolution
		SolutionGuid = {491B83EE-280A-48A0-84EC-CE52C4541A69}
	EndGlobalSection
EndGlobal
